{
  "originHash" : "dce455cd73b2cd8c519548a156e3c3004930eaf6341974a2786a58cac1fd0c50",
  "pins" : [
    {
      "identity" : "colorkit",
      "kind" : "remoteSourceControl",
      "location" : "https://github.com/Boris-Em/ColorKit.git",
      "state" : {
        "branch" : "master",
        "revision" : "6e4375a6126eac0a29893c607ae318bdbe33310c"
      }
    },
    {
      "identity" : "datehelper",
      "kind" : "remoteSourceControl",
      "location" : "https://github.com/melvitax/DateHelper",
      "state" : {
        "revision" : "76d0840daab7288fc99b04a4c23d504f0394e083",
        "version" : "5.0.1"
      }
    },
    {
      "identity" : "horizontalpicker",
      "kind" : "remoteSourceControl",
      "location" : "https://github.com/ailu2533/HorizontalPicker.git",
      "state" : {
        "branch" : "main",
        "revision" : "4ad6f74fcccdb20f5e6359e2da7d2b6882ba3cb0"
      }
    },
    {
      "identity" : "lemoncountdownmodel",
      "kind" : "remoteSourceControl",
      "location" : "https://github.com/ailu2533/LemonCountdownModel",
      "state" : {
        "branch" : "main",
        "revision" : "797366b484bb75bd017e60a548c7cbabc918496c"
      }
    },
    {
      "identity" : "lemondateutils",
      "kind" : "remoteSourceControl",
      "location" : "https://github.com/ailu2533/LemonDateUtils.git",
      "state" : {
        "branch" : "main",
        "revision" : "56f3bf730ce4a2bb7bbae5d555fb7f3935e4cc73"
      }
    },
    {
      "identity" : "pagertabstripview",
      "kind" : "remoteSourceControl",
      "location" : "https://github.com/xmartlabs/PagerTabStripView",
      "state" : {
        "branch" : "master",
        "revision" : "69921e0c755be7ff71d1e19f70b6179e432b8b0b"
      }
    },
    {
      "identity" : "shift",
      "kind" : "remoteSourceControl",
      "location" : "https://github.com/vinhnx/Shift.git",
      "state" : {
        "revision" : "bfcfcb6368925a1f4862725691db310ad1637f06",
        "version" : "0.11.0"
      }
    },
    {
      "identity" : "swift-algorithms",
      "kind" : "remoteSourceControl",
      "location" : "https://github.com/apple/swift-algorithms",
      "state" : {
        "revision" : "f6919dfc309e7f1b56224378b11e28bab5bccc42",
        "version" : "1.2.0"
      }
    },
    {
      "identity" : "swift-collections",
      "kind" : "remoteSourceControl",
      "location" : "https://github.com/apple/swift-collections.git",
      "state" : {
        "revision" : "3d2dc41a01f9e49d84f0a3925fb858bed64f702d",
        "version" : "1.1.2"
      }
    },
    {
      "identity" : "swift-numerics",
      "kind" : "remoteSourceControl",
      "location" : "https://github.com/apple/swift-numerics.git",
      "state" : {
        "revision" : "0a5bc04095a675662cf24757cc0640aa2204253b",
        "version" : "1.0.2"
      }
    },
    {
      "identity" : "swiftmovable",
      "kind" : "remoteSourceControl",
      "location" : "https://github.com/ailu2533/SwiftMovable.git",
      "state" : {
        "branch" : "main",
        "revision" : "38ea107205722e998697d5904cdf0ae7e008d251"
      }
    },
    {
      "identity" : "swiftuix",
      "kind" : "remoteSourceControl",
      "location" : "https://github.com/SwiftUIX/SwiftUIX",
      "state" : {
        "revision" : "cdc902f828e8c457f601e744cc7607148dcdb91a",
        "version" : "0.2.2"
      }
    }
  ],
  "version" : 3
}
